
Microsoft Visual Studio Solution File, Format Version 12.00
# Visual Studio Version 17
VisualStudioVersion = 17.11.35219.272
MinimumVisualStudioVersion = 10.0.40219.1
Project("{FAE04EC0-301F-11D3-BF4B-00C04F79EFBC}") = "Program", "Program\Program.csproj", "{98934FF1-E3EF-414E-8CC0-F57395C7EB0E}"
EndProject
Project("{FAE04EC0-301F-11D3-BF4B-00C04F79EFBC}") = "MyArray", "..\..\Библиотека моих классов коллекций\MyArray\MyArray.csproj", "{C8C279BB-65B4-4B00-8420-D50E9401C0B9}"
EndProject
Project("{FAE04EC0-301F-11D3-BF4B-00C04F79EFBC}") = "MySet", "..\..\Библиотека моих классов коллекций\MySet\MySet.csproj", "{350FDFB7-8494-4C67-9B4C-4711E2B7F238}"
EndProject
Project("{FAE04EC0-301F-11D3-BF4B-00C04F79EFBC}") = "MyConsoleApplication", "..\..\Библиотека шаблонов для моих программ\MyConsoleApplication\MyConsoleApplication.csproj", "{480D01DE-558B-4BD7-84AB-FC1B10705E22}"
EndProject
Project("{FAE04EC0-301F-11D3-BF4B-00C04F79EFBC}") = "MyFileSystemHandler", "..\..\Библиотека шаблонов для моих программ\MyFileSystemHandler\MyFileSystemHandler.csproj", "{9BBA560D-D6E5-44CF-AEB2-C20377CE834A}"
EndProject
Global
	GlobalSection(SolutionConfigurationPlatforms) = preSolution
		Debug|Any CPU = Debug|Any CPU
		Release|Any CPU = Release|Any CPU
	EndGlobalSection
	GlobalSection(ProjectConfigurationPlatforms) = postSolution
		{98934FF1-E3EF-414E-8CC0-F57395C7EB0E}.Debug|Any CPU.ActiveCfg = Debug|Any CPU
		{98934FF1-E3EF-414E-8CC0-F57395C7EB0E}.Debug|Any CPU.Build.0 = Debug|Any CPU
		{98934FF1-E3EF-414E-8CC0-F57395C7EB0E}.Release|Any CPU.ActiveCfg = Release|Any CPU
		{98934FF1-E3EF-414E-8CC0-F57395C7EB0E}.Release|Any CPU.Build.0 = Release|Any CPU
		{C8C279BB-65B4-4B00-8420-D50E9401C0B9}.Debug|Any CPU.ActiveCfg = Debug|Any CPU
		{C8C279BB-65B4-4B00-8420-D50E9401C0B9}.Debug|Any CPU.Build.0 = Debug|Any CPU
		{C8C279BB-65B4-4B00-8420-D50E9401C0B9}.Release|Any CPU.ActiveCfg = Release|Any CPU
		{C8C279BB-65B4-4B00-8420-D50E9401C0B9}.Release|Any CPU.Build.0 = Release|Any CPU
		{350FDFB7-8494-4C67-9B4C-4711E2B7F238}.Debug|Any CPU.ActiveCfg = Debug|Any CPU
		{350FDFB7-8494-4C67-9B4C-4711E2B7F238}.Debug|Any CPU.Build.0 = Debug|Any CPU
		{350FDFB7-8494-4C67-9B4C-4711E2B7F238}.Release|Any CPU.ActiveCfg = Release|Any CPU
		{350FDFB7-8494-4C67-9B4C-4711E2B7F238}.Release|Any CPU.Build.0 = Release|Any CPU
		{480D01DE-558B-4BD7-84AB-FC1B10705E22}.Debug|Any CPU.ActiveCfg = Debug|Any CPU
		{480D01DE-558B-4BD7-84AB-FC1B10705E22}.Debug|Any CPU.Build.0 = Debug|Any CPU
		{480D01DE-558B-4BD7-84AB-FC1B10705E22}.Release|Any CPU.ActiveCfg = Release|Any CPU
		{480D01DE-558B-4BD7-84AB-FC1B10705E22}.Release|Any CPU.Build.0 = Release|Any CPU
		{9BBA560D-D6E5-44CF-AEB2-C20377CE834A}.Debug|Any CPU.ActiveCfg = Debug|Any CPU
		{9BBA560D-D6E5-44CF-AEB2-C20377CE834A}.Debug|Any CPU.Build.0 = Debug|Any CPU
		{9BBA560D-D6E5-44CF-AEB2-C20377CE834A}.Release|Any CPU.ActiveCfg = Release|Any CPU
		{9BBA560D-D6E5-44CF-AEB2-C20377CE834A}.Release|Any CPU.Build.0 = Release|Any CPU
	EndGlobalSection
	GlobalSection(SolutionProperties) = preSolution
		HideSolutionNode = FALSE
	EndGlobalSection
	GlobalSection(ExtensibilityGlobals) = postSolution
		SolutionGuid = {C9AF1A6F-0068-483D-A14C-C8673A12072F}
	EndGlobalSection
EndGlobal
